
Microsoft Visual Studio Solution File, Format Version 12.00
# Visual Studio Version 17
VisualStudioVersion = 17.3.32819.101
MinimumVisualStudioVersion = 10.0.40219.1
Project("{FAE04EC0-301F-11D3-BF4B-00C04F79EFBC}") = "DangTranThai_WebAPI", "DangTranThai_WebAPI\DangTranThai_WebAPI.csproj", "{9188E015-A105-4BD9-BAB3-F7D12E674C6B}"
EndProject
Global
	GlobalSection(SolutionConfigurationPlatforms) = preSolution
		Debug|Any CPU = Debug|Any CPU
		Release|Any CPU = Release|Any CPU
	EndGlobalSection
	GlobalSection(ProjectConfigurationPlatforms) = postSolution
		{9188E015-A105-4BD9-BAB3-F7D12E674C6B}.Debug|Any CPU.ActiveCfg = Debug|Any CPU
		{9188E015-A105-4BD9-BAB3-F7D12E674C6B}.Debug|Any CPU.Build.0 = Debug|Any CPU
		{9188E015-A105-4BD9-BAB3-F7D12E674C6B}.Release|Any CPU.ActiveCfg = Release|Any CPU
		{9188E015-A105-4BD9-BAB3-F7D12E674C6B}.Release|Any CPU.Build.0 = Release|Any CPU
	EndGlobalSection
	GlobalSection(SolutionProperties) = preSolution
		HideSolutionNode = FALSE
	EndGlobalSection
	GlobalSection(ExtensibilityGlobals) = postSolution
		SolutionGuid = {8F718C1C-C0E2-4928-A027-08BFE446A083}
	EndGlobalSection
EndGlobal
